%{
  "boundary": {:hex, :boundary, "0.8.0", "74fa1cc077e92e2e62c7ceb0116dcd6872cf0e6ab5094325a6460f60b3da2e6a", [:mix], [], "hexpm", "cafbd95ad4b4acdf9e5f42d9590cf49993062cfb5dd4bce4a28791974f362d16"},
  "jason": {:hex, :jason, "1.2.2", "ba43e3f2709fd1aa1dce90aaabfd039d000469c05c56f0b8e31978e03fa39052", [:mix], [{:decimal, "~> 1.0 or ~> 2.0", [hex: :decimal, repo: "hexpm", optional: true]}], "hexpm", "18a228f5f0058ee183f29f9eae0805c6e59d61c3b006760668d8d18ff0d12179"},
}
